
Microsoft Visual Studio Solution File, Format Version 12.00
# Visual Studio 15
VisualStudioVersion = 15.0.26730.16
MinimumVisualStudioVersion = 10.0.40219.1
Project("{FAE04EC0-301F-11D3-BF4B-00C04F79EFBC}") = "Warsztat", "Warsztat\Warsztat.csproj", "{D72D49D5-D338-4C02-9910-41A661C81F8F}"
EndProject
Global
	GlobalSection(SolutionConfigurationPlatforms) = preSolution
		Debug|Any CPU = Debug|Any CPU
		Release|Any CPU = Release|Any CPU
	EndGlobalSection
	GlobalSection(ProjectConfigurationPlatforms) = postSolution
		{D72D49D5-D338-4C02-9910-41A661C81F8F}.Debug|Any CPU.ActiveCfg = Debug|Any CPU
		{D72D49D5-D338-4C02-9910-41A661C81F8F}.Debug|Any CPU.Build.0 = Debug|Any CPU
		{D72D49D5-D338-4C02-9910-41A661C81F8F}.Release|Any CPU.ActiveCfg = Release|Any CPU
		{D72D49D5-D338-4C02-9910-41A661C81F8F}.Release|Any CPU.Build.0 = Release|Any CPU
	EndGlobalSection
	GlobalSection(SolutionProperties) = preSolution
		HideSolutionNode = FALSE
	EndGlobalSection
	GlobalSection(ExtensibilityGlobals) = postSolution
		SolutionGuid = {599FF4C4-FC0F-4130-A7C7-BFF54C700FFE}
	EndGlobalSection
EndGlobal
